
Microsoft Visual Studio Solution File, Format Version 12.00
# Visual Studio Version 16
VisualStudioVersion = 16.0.30128.74
MinimumVisualStudioVersion = 10.0.40219.1
Project("{FAE04EC0-301F-11D3-BF4B-00C04F79EFBC}") = "MVCFirebase", "MVCFirebase\MVCFirebase.csproj", "{AF76FDA3-A9D8-4A03-B437-1F8D8D6FEF3A}"
EndProject
Global
	GlobalSection(SolutionConfigurationPlatforms) = preSolution
		Debug|Any CPU = Debug|Any CPU
		Release|Any CPU = Release|Any CPU
	EndGlobalSection
	GlobalSection(ProjectConfigurationPlatforms) = postSolution
		{AF76FDA3-A9D8-4A03-B437-1F8D8D6FEF3A}.Debug|Any CPU.ActiveCfg = Debug|Any CPU
		{AF76FDA3-A9D8-4A03-B437-1F8D8D6FEF3A}.Debug|Any CPU.Build.0 = Debug|Any CPU
		{AF76FDA3-A9D8-4A03-B437-1F8D8D6FEF3A}.Release|Any CPU.ActiveCfg = Release|Any CPU
		{AF76FDA3-A9D8-4A03-B437-1F8D8D6FEF3A}.Release|Any CPU.Build.0 = Release|Any CPU
	EndGlobalSection
	GlobalSection(SolutionProperties) = preSolution
		HideSolutionNode = FALSE
	EndGlobalSection
	GlobalSection(ExtensibilityGlobals) = postSolution
		SolutionGuid = {61591021-3263-4A91-8A3E-336A295E3B9C}
	EndGlobalSection
EndGlobal
